
Microsoft Visual Studio Solution File, Format Version 12.00
# Visual Studio Version 16
VisualStudioVersion = 16.0.29215.179
MinimumVisualStudioVersion = 10.0.40219.1
Project("{2150E333-8FDC-42A3-9474-1A3956D46DE8}") = "Core", "Core", "{59516E06-4A47-4E70-8DBA-556ECBE90708}"
EndProject
Project("{9A19103F-16F7-4668-BE54-9A1E7A4F7556}") = "PetShopV2.Core.Entity", "PetShopV2.Core.Entity\PetShopV2.Core.Entity.csproj", "{78A64198-B271-4CB0-B992-57D09EE25D50}"
EndProject
Project("{2150E333-8FDC-42A3-9474-1A3956D46DE8}") = "Infrastructure", "Infrastructure", "{6B034716-B91E-44DC-9F10-55B5AA564EF2}"
EndProject
Project("{2150E333-8FDC-42A3-9474-1A3956D46DE8}") = "UI", "UI", "{6192467E-CBE1-43A8-B3A5-F23E4DC6B08F}"
EndProject
Project("{9A19103F-16F7-4668-BE54-9A1E7A4F7556}") = "PetShopV2.RestAPI", "PetShopV2.RestAPI\PetShopV2.RestAPI.csproj", "{66085BFF-8647-4136-A259-4A488D6FDAC6}"
EndProject
Project("{9A19103F-16F7-4668-BE54-9A1E7A4F7556}") = "PetShopV2.Infrastructure.SQL", "PetShopV2.Infrastructure.SQL\PetShopV2.Infrastructure.SQL.csproj", "{821F7F9E-6DFC-498A-BDCE-134950AE2434}"
EndProject
Project("{FAE04EC0-301F-11D3-BF4B-00C04F79EFBC}") = "PetShopV2.Core", "PetShopV2.TheCore\PetShopV2.Core.csproj", "{0BDC09BA-8E33-47BD-ACE2-0A14711D7F3F}"
EndProject
Global
	GlobalSection(SolutionConfigurationPlatforms) = preSolution
		Debug|Any CPU = Debug|Any CPU
		Release|Any CPU = Release|Any CPU
	EndGlobalSection
	GlobalSection(ProjectConfigurationPlatforms) = postSolution
		{78A64198-B271-4CB0-B992-57D09EE25D50}.Debug|Any CPU.ActiveCfg = Debug|Any CPU
		{78A64198-B271-4CB0-B992-57D09EE25D50}.Debug|Any CPU.Build.0 = Debug|Any CPU
		{78A64198-B271-4CB0-B992-57D09EE25D50}.Release|Any CPU.ActiveCfg = Release|Any CPU
		{78A64198-B271-4CB0-B992-57D09EE25D50}.Release|Any CPU.Build.0 = Release|Any CPU
		{66085BFF-8647-4136-A259-4A488D6FDAC6}.Debug|Any CPU.ActiveCfg = Debug|Any CPU
		{66085BFF-8647-4136-A259-4A488D6FDAC6}.Debug|Any CPU.Build.0 = Debug|Any CPU
		{66085BFF-8647-4136-A259-4A488D6FDAC6}.Release|Any CPU.ActiveCfg = Release|Any CPU
		{66085BFF-8647-4136-A259-4A488D6FDAC6}.Release|Any CPU.Build.0 = Release|Any CPU
		{821F7F9E-6DFC-498A-BDCE-134950AE2434}.Debug|Any CPU.ActiveCfg = Debug|Any CPU
		{821F7F9E-6DFC-498A-BDCE-134950AE2434}.Debug|Any CPU.Build.0 = Debug|Any CPU
		{821F7F9E-6DFC-498A-BDCE-134950AE2434}.Release|Any CPU.ActiveCfg = Release|Any CPU
		{821F7F9E-6DFC-498A-BDCE-134950AE2434}.Release|Any CPU.Build.0 = Release|Any CPU
		{0BDC09BA-8E33-47BD-ACE2-0A14711D7F3F}.Debug|Any CPU.ActiveCfg = Debug|Any CPU
		{0BDC09BA-8E33-47BD-ACE2-0A14711D7F3F}.Debug|Any CPU.Build.0 = Debug|Any CPU
		{0BDC09BA-8E33-47BD-ACE2-0A14711D7F3F}.Release|Any CPU.ActiveCfg = Release|Any CPU
		{0BDC09BA-8E33-47BD-ACE2-0A14711D7F3F}.Release|Any CPU.Build.0 = Release|Any CPU
	EndGlobalSection
	GlobalSection(SolutionProperties) = preSolution
		HideSolutionNode = FALSE
	EndGlobalSection
	GlobalSection(NestedProjects) = preSolution
		{78A64198-B271-4CB0-B992-57D09EE25D50} = {59516E06-4A47-4E70-8DBA-556ECBE90708}
		{66085BFF-8647-4136-A259-4A488D6FDAC6} = {6192467E-CBE1-43A8-B3A5-F23E4DC6B08F}
		{821F7F9E-6DFC-498A-BDCE-134950AE2434} = {6B034716-B91E-44DC-9F10-55B5AA564EF2}
		{0BDC09BA-8E33-47BD-ACE2-0A14711D7F3F} = {59516E06-4A47-4E70-8DBA-556ECBE90708}
	EndGlobalSection
	GlobalSection(ExtensibilityGlobals) = postSolution
		SolutionGuid = {FE5087B6-5D84-435B-88E7-D3885E01823E}
	EndGlobalSection
EndGlobal
